// !$*UTF8*$!
{
	archiveVersion = 1;
	classes = {
	};
	objectVersion = 46;
	objects = {

/* Begin PBXBuildFile section */
		787B02B999E06EE70B3B5816 /* libPods-ActivityList.a in Frameworks */ = {isa = PBXBuildFile; fileRef = F1D5018FFD18BADB3145CF61 /* libPods-ActivityList.a */; };
		840355E31F2EF7EB00D3248A /* AppAPIClient.m in Sources */ = {isa = PBXBuildFile; fileRef = 840355D21F2EF7EB00D3248A /* AppAPIClient.m */; };
		840355E41F2EF7EB00D3248A /* ErrorHandler.m in Sources */ = {isa = PBXBuildFile; fileRef = 840355D41F2EF7EB00D3248A /* ErrorHandler.m */; };
		840355E51F2EF7EB00D3248A /* NSData+Base64.m in Sources */ = {isa = PBXBuildFile; fileRef = 840355D61F2EF7EB00D3248A /* NSData+Base64.m */; };
		840355E61F2EF7EB00D3248A /* NSDate+Utility.m in Sources */ = {isa = PBXBuildFile; fileRef = 840355D81F2EF7EB00D3248A /* NSDate+Utility.m */; };
		840355E71F2EF7EB00D3248A /* NSDateFormatter+Category.m in Sources */ = {isa = PBXBuildFile; fileRef = 840355DA1F2EF7EB00D3248A /* NSDateFormatter+Category.m */; };
		840355E81F2EF7EB00D3248A /* NSString+Crypt.m in Sources */ = {isa = PBXBuildFile; fileRef = 840355DC1F2EF7EB00D3248A /* NSString+Crypt.m */; };
		840355E91F2EF7EB00D3248A /* RequestAPI.m in Sources */ = {isa = PBXBuildFile; fileRef = 840355DE1F2EF7EB00D3248A /* RequestAPI.m */; };
		840355EA1F2EF7EB00D3248A /* StorageMgr.m in Sources */ = {isa = PBXBuildFile; fileRef = 840355E01F2EF7EB00D3248A /* StorageMgr.m */; };
		840355EB1F2EF7EB00D3248A /* Utilities.m in Sources */ = {isa = PBXBuildFile; fileRef = 840355E21F2EF7EB00D3248A /* Utilities.m */; };
		840355ED1F2EFBC700D3248A /* Openssl.framework in Frameworks */ = {isa = PBXBuildFile; fileRef = 840355EC1F2EFBC700D3248A /* Openssl.framework */; };
		84AA3CAB1F28386000677B93 /* Assets.xcassets in Resources */ = {isa = PBXBuildFile; fileRef = 84AA3CAA1F28386000677B93 /* Assets.xcassets */; };
		84AA3CAE1F28615600677B93 /* ActivityModel.m in Sources */ = {isa = PBXBuildFile; fileRef = 84AA3CAD1F28615600677B93 /* ActivityModel.m */; };
		84BBFF971F25D1B50083D37D /* main.m in Sources */ = {isa = PBXBuildFile; fileRef = 84BBFF961F25D1B50083D37D /* main.m */; };
		84BBFF9A1F25D1B50083D37D /* AppDelegate.m in Sources */ = {isa = PBXBuildFile; fileRef = 84BBFF991F25D1B50083D37D /* AppDelegate.m */; };
		84BBFFA01F25D1B50083D37D /* Main.storyboard in Resources */ = {isa = PBXBuildFile; fileRef = 84BBFF9E1F25D1B50083D37D /* Main.storyboard */; };
		84BBFFA81F25D1B50083D37D /* LaunchScreen.storyboard in Resources */ = {isa = PBXBuildFile; fileRef = 84BBFFA61F25D1B50083D37D /* LaunchScreen.storyboard */; };
		84BBFFB31F25D1B50083D37D /* ActivityListTests.m in Sources */ = {isa = PBXBuildFile; fileRef = 84BBFFB21F25D1B50083D37D /* ActivityListTests.m */; };
		84BBFFBE1F25D1B50083D37D /* ActivityListUITests.m in Sources */ = {isa = PBXBuildFile; fileRef = 84BBFFBD1F25D1B50083D37D /* ActivityListUITests.m */; };
		84BBFFD01F25D8380083D37D /* ActivityList.xcdatamodeld in Sources */ = {isa = PBXBuildFile; fileRef = 84BBFFCE1F25D8380083D37D /* ActivityList.xcdatamodeld */; };
		84F5131C1F272F53002D7436 /* Detail.storyboard in Resources */ = {isa = PBXBuildFile; fileRef = 84F5131B1F272F53002D7436 /* Detail.storyboard */; };
		84F5131F1F273E1B002D7436 /* ActivityTableViewCell.m in Sources */ = {isa = PBXBuildFile; fileRef = 84F5131E1F273E1B002D7436 /* ActivityTableViewCell.m */; };
		B25810641F4D514D00F9E0DE /* UserModel.m in Sources */ = {isa = PBXBuildFile; fileRef = B25810631F4D514C00F9E0DE /* UserModel.m */; };
		B27CDF871F47E665001BA5DE /* BasicEncodingRules.m in Sources */ = {isa = PBXBuildFile; fileRef = B27CDF861F47E665001BA5DE /* BasicEncodingRules.m */; };
		B27CDF8A1F47E88D001BA5DE /* JSONS.m in Sources */ = {isa = PBXBuildFile; fileRef = B27CDF891F47E88D001BA5DE /* JSONS.m */; };
		B27CDF901F47E8F8001BA5DE /* Order.m in Sources */ = {isa = PBXBuildFile; fileRef = B27CDF8F1F47E8F8001BA5DE /* Order.m */; };
		B27CDFA71F47E9E7001BA5DE /* GBAlipayManager.m in Sources */ = {isa = PBXBuildFile; fileRef = B27CDF941F47E9E7001BA5DE /* GBAlipayManager.m */; };
		B27CDFA81F47E9E7001BA5DE /* base64.m in Sources */ = {isa = PBXBuildFile; fileRef = B27CDF971F47E9E7001BA5DE /* base64.m */; };
		B27CDFA91F47E9E7001BA5DE /* DataSigner.m in Sources */ = {isa = PBXBuildFile; fileRef = B27CDF9A1F47E9E7001BA5DE /* DataSigner.m */; };
		B27CDFAA1F47E9E7001BA5DE /* DataVerifier.m in Sources */ = {isa = PBXBuildFile; fileRef = B27CDF9C1F47E9E7001BA5DE /* DataVerifier.m */; };
		B27CDFAB1F47E9E7001BA5DE /* MD5DataSigner.m in Sources */ = {isa = PBXBuildFile; fileRef = B27CDF9E1F47E9E7001BA5DE /* MD5DataSigner.m */; };
		B27CDFAC1F47E9E7001BA5DE /* NSDataEx.m in Sources */ = {isa = PBXBuildFile; fileRef = B27CDFA01F47E9E7001BA5DE /* NSDataEx.m */; };
		B27CDFAD1F47E9E7001BA5DE /* openssl_wrapper.m in Sources */ = {isa = PBXBuildFile; fileRef = B27CDFA21F47E9E7001BA5DE /* openssl_wrapper.m */; };
		B27CDFAE1F47E9E7001BA5DE /* RSADataSigner.m in Sources */ = {isa = PBXBuildFile; fileRef = B27CDFA41F47E9E7001BA5DE /* RSADataSigner.m */; };
		B27CDFAF1F47E9E7001BA5DE /* RSADataVerifier.m in Sources */ = {isa = PBXBuildFile; fileRef = B27CDFA61F47E9E7001BA5DE /* RSADataVerifier.m */; };
		B27CDFB41F47EA6E001BA5DE /* AlipaySDK.bundle in Frameworks */ = {isa = PBXBuildFile; fileRef = B27CDFB01F47EA6E001BA5DE /* AlipaySDK.bundle */; };
		B27CDFB51F47EA6E001BA5DE /* AlipaySDK.framework in Frameworks */ = {isa = PBXBuildFile; fileRef = B27CDFB11F47EA6E001BA5DE /* AlipaySDK.framework */; };
		B27CDFB61F47EA6E001BA5DE /* libcrypto.a in Frameworks */ = {isa = PBXBuildFile; fileRef = B27CDFB21F47EA6E001BA5DE /* libcrypto.a */; };
		B27CDFB71F47EA6E001BA5DE /* libssl.a in Frameworks */ = {isa = PBXBuildFile; fileRef = B27CDFB31F47EA6E001BA5DE /* libssl.a */; };
		B27CDFB91F47EB21001BA5DE /* Cities.plist in Resources */ = {isa = PBXBuildFile; fileRef = B27CDFB81F47EB21001BA5DE /* Cities.plist */; };
		B27CDFBB1F47EBEF001BA5DE /* CoreTelephony.framework in Frameworks */ = {isa = PBXBuildFile; fileRef = B27CDFBA1F47EBEF001BA5DE /* CoreTelephony.framework */; };
		B27CDFBD1F47EC08001BA5DE /* CoreMotion.framework in Frameworks */ = {isa = PBXBuildFile; fileRef = B27CDFBC1F47EC08001BA5DE /* CoreMotion.framework */; };
		B27CDFBF1F47EC54001BA5DE /* libz.tbd in Frameworks */ = {isa = PBXBuildFile; fileRef = B27CDFBE1F47EC54001BA5DE /* libz.tbd */; };
		B27CDFCE1F48056D001BA5DE /* DetailViewController.m in Sources */ = {isa = PBXBuildFile; fileRef = B27CDFC61F48056D001BA5DE /* DetailViewController.m */; };
		B27CDFCF1F48056D001BA5DE /* ListViewController.m in Sources */ = {isa = PBXBuildFile; fileRef = B27CDFC81F48056D001BA5DE /* ListViewController.m */; };
		B27CDFD01F48056D001BA5DE /* IssueViewController.m in Sources */ = {isa = PBXBuildFile; fileRef = B27CDFCB1F48056D001BA5DE /* IssueViewController.m */; };
		B27CDFD21F48072C001BA5DE /* Member.storyboard in Resources */ = {isa = PBXBuildFile; fileRef = B27CDFD11F48072C001BA5DE /* Member.storyboard */; };
		B27CDFD41F48073F001BA5DE /* Issue.storyboard in Resources */ = {isa = PBXBuildFile; fileRef = B27CDFD31F48073F001BA5DE /* Issue.storyboard */; };
		B27CDFD71F482525001BA5DE /* CityTableViewController.m in Sources */ = {isa = PBXBuildFile; fileRef = B27CDFD61F482525001BA5DE /* CityTableViewController.m */; };
		B27CDFDA1F4825EA001BA5DE /* PurchaseTableViewController.m in Sources */ = {isa = PBXBuildFile; fileRef = B27CDFD91F4825EA001BA5DE /* PurchaseTableViewController.m */; };
		B27CDFDD1F482666001BA5DE /* LeftViewController.m in Sources */ = {isa = PBXBuildFile; fileRef = B27CDFDC1F482666001BA5DE /* LeftViewController.m */; };
		B27CDFE01F4826C8001BA5DE /* MyTableViewController.m in Sources */ = {isa = PBXBuildFile; fileRef = B27CDFDF1F4826C8001BA5DE /* MyTableViewController.m */; };
		B27CDFE31F482717001BA5DE /* SigninViewController.m in Sources */ = {isa = PBXBuildFile; fileRef = B27CDFE21F482717001BA5DE /* SigninViewController.m */; };
		B27CDFE61F48274D001BA5DE /* SignupViewController.m in Sources */ = {isa = PBXBuildFile; fileRef = B27CDFE51F48274D001BA5DE /* SignupViewController.m */; };
		B2A23EBF1F4AC28E00217895 /* Localizable.strings in Resources */ = {isa = PBXBuildFile; fileRef = B2A23EC11F4AC28E00217895 /* Localizable.strings */; };
/* End PBXBuildFile section */

/* Begin PBXContainerItemProxy section */
		84BBFFAF1F25D1B50083D37D /* PBXContainerItemProxy */ = {
			isa = PBXContainerItemProxy;
			containerPortal = 84BBFF8A1F25D1B50083D37D /* Project object */;
			proxyType = 1;
			remoteGlobalIDString = 84BBFF911F25D1B50083D37D;
			remoteInfo = ActivityList;
		};
		84BBFFBA1F25D1B50083D37D /* PBXContainerItemProxy */ = {
			isa = PBXContainerItemProxy;
			containerPortal = 84BBFF8A1F25D1B50083D37D /* Project object */;
			proxyType = 1;
			remoteGlobalIDString = 84BBFF911F25D1B50083D37D;
			remoteInfo = ActivityList;
		};
/* End PBXContainerItemProxy section */

/* Begin PBXFileReference section */
		840355D01F2EF7C500D3248A /* Constants.h */ = {isa = PBXFileReference; lastKnownFileType = sourcecode.c.h; path = Constants.h; sourceTree = "<group>"; };
		840355D11F2EF7EB00D3248A /* AppAPIClient.h */ = {isa = PBXFileReference; fileEncoding = 4; lastKnownFileType = sourcecode.c.h; path = AppAPIClient.h; sourceTree = "<group>"; };
		840355D21F2EF7EB00D3248A /* AppAPIClient.m */ = {isa = PBXFileReference; fileEncoding = 4; lastKnownFileType = sourcecode.c.objc; path = AppAPIClient.m; sourceTree = "<group>"; };
		840355D31F2EF7EB00D3248A /* ErrorHandler.h */ = {isa = PBXFileReference; fileEncoding = 4; lastKnownFileType = sourcecode.c.h; path = ErrorHandler.h; sourceTree = "<group>"; };
		840355D41F2EF7EB00D3248A /* ErrorHandler.m */ = {isa = PBXFileReference; fileEncoding = 4; lastKnownFileType = sourcecode.c.objc; path = ErrorHandler.m; sourceTree = "<group>"; };
		840355D51F2EF7EB00D3248A /* NSData+Base64.h */ = {isa = PBXFileReference; fileEncoding = 4; lastKnownFileType = sourcecode.c.h; path = "NSData+Base64.h"; sourceTree = "<group>"; };
		840355D61F2EF7EB00D3248A /* NSData+Base64.m */ = {isa = PBXFileReference; fileEncoding = 4; lastKnownFileType = sourcecode.c.objc; path = "NSData+Base64.m"; sourceTree = "<group>"; };
		840355D71F2EF7EB00D3248A /* NSDate+Utility.h */ = {isa = PBXFileReference; fileEncoding = 4; lastKnownFileType = sourcecode.c.h; path = "NSDate+Utility.h"; sourceTree = "<group>"; };
		840355D81F2EF7EB00D3248A /* NSDate+Utility.m */ = {isa = PBXFileReference; fileEncoding = 4; lastKnownFileType = sourcecode.c.objc; path = "NSDate+Utility.m"; sourceTree = "<group>"; };
		840355D91F2EF7EB00D3248A /* NSDateFormatter+Category.h */ = {isa = PBXFileReference; fileEncoding = 4; lastKnownFileType = sourcecode.c.h; path = "NSDateFormatter+Category.h"; sourceTree = "<group>"; };
		840355DA1F2EF7EB00D3248A /* NSDateFormatter+Category.m */ = {isa = PBXFileReference; fileEncoding = 4; lastKnownFileType = sourcecode.c.objc; path = "NSDateFormatter+Category.m"; sourceTree = "<group>"; };
		840355DB1F2EF7EB00D3248A /* NSString+Crypt.h */ = {isa = PBXFileReference; fileEncoding = 4; lastKnownFileType = sourcecode.c.h; path = "NSString+Crypt.h"; sourceTree = "<group>"; };
		840355DC1F2EF7EB00D3248A /* NSString+Crypt.m */ = {isa = PBXFileReference; fileEncoding = 4; lastKnownFileType = sourcecode.c.objc; path = "NSString+Crypt.m"; sourceTree = "<group>"; };
		840355DD1F2EF7EB00D3248A /* RequestAPI.h */ = {isa = PBXFileReference; fileEncoding = 4; lastKnownFileType = sourcecode.c.h; path = RequestAPI.h; sourceTree = "<group>"; };
		840355DE1F2EF7EB00D3248A /* RequestAPI.m */ = {isa = PBXFileReference; fileEncoding = 4; lastKnownFileType = sourcecode.c.objc; path = RequestAPI.m; sourceTree = "<group>"; };
		840355DF1F2EF7EB00D3248A /* StorageMgr.h */ = {isa = PBXFileReference; fileEncoding = 4; lastKnownFileType = sourcecode.c.h; path = StorageMgr.h; sourceTree = "<group>"; };
		840355E01F2EF7EB00D3248A /* StorageMgr.m */ = {isa = PBXFileReference; fileEncoding = 4; lastKnownFileType = sourcecode.c.objc; path = StorageMgr.m; sourceTree = "<group>"; };
		840355E11F2EF7EB00D3248A /* Utilities.h */ = {isa = PBXFileReference; fileEncoding = 4; lastKnownFileType = sourcecode.c.h; path = Utilities.h; sourceTree = "<group>"; };
		840355E21F2EF7EB00D3248A /* Utilities.m */ = {isa = PBXFileReference; fileEncoding = 4; lastKnownFileType = sourcecode.c.objc; path = Utilities.m; sourceTree = "<group>"; };
		840355EC1F2EFBC700D3248A /* Openssl.framework */ = {isa = PBXFileReference; lastKnownFileType = wrapper.framework; name = Openssl.framework; path = ActivityList/Openssl.framework; sourceTree = "<group>"; };
		84AA3CAA1F28386000677B93 /* Assets.xcassets */ = {isa = PBXFileReference; lastKnownFileType = folder.assetcatalog; name = Assets.xcassets; path = ActivityList/Assets.xcassets; sourceTree = SOURCE_ROOT; };
		84AA3CAC1F28615600677B93 /* ActivityModel.h */ = {isa = PBXFileReference; fileEncoding = 4; lastKnownFileType = sourcecode.c.h; path = ActivityModel.h; sourceTree = "<group>"; };
		84AA3CAD1F28615600677B93 /* ActivityModel.m */ = {isa = PBXFileReference; fileEncoding = 4; lastKnownFileType = sourcecode.c.objc; path = ActivityModel.m; sourceTree = "<group>"; };
		84BBFF921F25D1B50083D37D /* ActivityList.app */ = {isa = PBXFileReference; explicitFileType = wrapper.application; includeInIndex = 0; path = ActivityList.app; sourceTree = BUILT_PRODUCTS_DIR; };
		84BBFF961F25D1B50083D37D /* main.m */ = {isa = PBXFileReference; lastKnownFileType = sourcecode.c.objc; path = main.m; sourceTree = "<group>"; };
		84BBFF981F25D1B50083D37D /* AppDelegate.h */ = {isa = PBXFileReference; lastKnownFileType = sourcecode.c.h; path = AppDelegate.h; sourceTree = "<group>"; };
		84BBFF991F25D1B50083D37D /* AppDelegate.m */ = {isa = PBXFileReference; lastKnownFileType = sourcecode.c.objc; path = AppDelegate.m; sourceTree = "<group>"; };
		84BBFF9F1F25D1B50083D37D /* Base */ = {isa = PBXFileReference; lastKnownFileType = file.storyboard; name = Base; path = Base.lproj/Main.storyboard; sourceTree = "<group>"; };
		84BBFFA71F25D1B50083D37D /* Base */ = {isa = PBXFileReference; lastKnownFileType = file.storyboard; name = Base; path = Base.lproj/LaunchScreen.storyboard; sourceTree = "<group>"; };
		84BBFFA91F25D1B50083D37D /* Info.plist */ = {isa = PBXFileReference; lastKnownFileType = text.plist.xml; path = Info.plist; sourceTree = "<group>"; };
		84BBFFAE1F25D1B50083D37D /* ActivityListTests.xctest */ = {isa = PBXFileReference; explicitFileType = wrapper.cfbundle; includeInIndex = 0; path = ActivityListTests.xctest; sourceTree = BUILT_PRODUCTS_DIR; };
		84BBFFB21F25D1B50083D37D /* ActivityListTests.m */ = {isa = PBXFileReference; lastKnownFileType = sourcecode.c.objc; path = ActivityListTests.m; sourceTree = "<group>"; };
		84BBFFB41F25D1B50083D37D /* Info.plist */ = {isa = PBXFileReference; lastKnownFileType = text.plist.xml; path = Info.plist; sourceTree = "<group>"; };
		84BBFFB91F25D1B50083D37D /* ActivityListUITests.xctest */ = {isa = PBXFileReference; explicitFileType = wrapper.cfbundle; includeInIndex = 0; path = ActivityListUITests.xctest; sourceTree = BUILT_PRODUCTS_DIR; };
		84BBFFBD1F25D1B50083D37D /* ActivityListUITests.m */ = {isa = PBXFileReference; lastKnownFileType = sourcecode.c.objc; path = ActivityListUITests.m; sourceTree = "<group>"; };
		84BBFFBF1F25D1B50083D37D /* Info.plist */ = {isa = PBXFileReference; lastKnownFileType = text.plist.xml; path = Info.plist; sourceTree = "<group>"; };
		84BBFFCF1F25D8380083D37D /* ActivityList.xcdatamodel */ = {isa = PBXFileReference; lastKnownFileType = wrapper.xcdatamodel; path = ActivityList.xcdatamodel; sourceTree = "<group>"; };
		84BBFFDA1F25DF730083D37D /* PrefixHeader.pch */ = {isa = PBXFileReference; lastKnownFileType = sourcecode.c.h; path = PrefixHeader.pch; sourceTree = "<group>"; };
		84F5131B1F272F53002D7436 /* Detail.storyboard */ = {isa = PBXFileReference; fileEncoding = 4; lastKnownFileType = file.storyboard; path = Detail.storyboard; sourceTree = "<group>"; };
		84F5131D1F273E1B002D7436 /* ActivityTableViewCell.h */ = {isa = PBXFileReference; fileEncoding = 4; lastKnownFileType = sourcecode.c.h; path = ActivityTableViewCell.h; sourceTree = "<group>"; };
		84F5131E1F273E1B002D7436 /* ActivityTableViewCell.m */ = {isa = PBXFileReference; fileEncoding = 4; lastKnownFileType = sourcecode.c.objc; path = ActivityTableViewCell.m; sourceTree = "<group>"; };
		B25810621F4D514C00F9E0DE /* UserModel.h */ = {isa = PBXFileReference; fileEncoding = 4; lastKnownFileType = sourcecode.c.h; path = UserModel.h; sourceTree = "<group>"; };
		B25810631F4D514C00F9E0DE /* UserModel.m */ = {isa = PBXFileReference; fileEncoding = 4; lastKnownFileType = sourcecode.c.objc; path = UserModel.m; sourceTree = "<group>"; };
		B27CDF851F47E665001BA5DE /* BasicEncodingRules.h */ = {isa = PBXFileReference; fileEncoding = 4; lastKnownFileType = sourcecode.c.h; path = BasicEncodingRules.h; sourceTree = "<group>"; };
		B27CDF861F47E665001BA5DE /* BasicEncodingRules.m */ = {isa = PBXFileReference; fileEncoding = 4; lastKnownFileType = sourcecode.c.objc; path = BasicEncodingRules.m; sourceTree = "<group>"; };
		B27CDF881F47E88D001BA5DE /* JSONS.h */ = {isa = PBXFileReference; fileEncoding = 4; lastKnownFileType = sourcecode.c.h; path = JSONS.h; sourceTree = "<group>"; };
		B27CDF891F47E88D001BA5DE /* JSONS.m */ = {isa = PBXFileReference; fileEncoding = 4; lastKnownFileType = sourcecode.c.objc; path = JSONS.m; sourceTree = "<group>"; };
		B27CDF8E1F47E8F8001BA5DE /* Order.h */ = {isa = PBXFileReference; fileEncoding = 4; lastKnownFileType = sourcecode.c.h; path = Order.h; sourceTree = "<group>"; };
		B27CDF8F1F47E8F8001BA5DE /* Order.m */ = {isa = PBXFileReference; fileEncoding = 4; lastKnownFileType = sourcecode.c.objc; path = Order.m; sourceTree = "<group>"; };
		B27CDF921F47E9E7001BA5DE /* GBAlipayConfig.h */ = {isa = PBXFileReference; fileEncoding = 4; lastKnownFileType = sourcecode.c.h; path = GBAlipayConfig.h; sourceTree = "<group>"; };
		B27CDF931F47E9E7001BA5DE /* GBAlipayManager.h */ = {isa = PBXFileReference; fileEncoding = 4; lastKnownFileType = sourcecode.c.h; path = GBAlipayManager.h; sourceTree = "<group>"; };
		B27CDF941F47E9E7001BA5DE /* GBAlipayManager.m */ = {isa = PBXFileReference; fileEncoding = 4; lastKnownFileType = sourcecode.c.objc; path = GBAlipayManager.m; sourceTree = "<group>"; };
		B27CDF961F47E9E7001BA5DE /* base64.h */ = {isa = PBXFileReference; fileEncoding = 4; lastKnownFileType = sourcecode.c.h; path = base64.h; sourceTree = "<group>"; };
		B27CDF971F47E9E7001BA5DE /* base64.m */ = {isa = PBXFileReference; fileEncoding = 4; lastKnownFileType = sourcecode.c.objc; path = base64.m; sourceTree = "<group>"; };
		B27CDF981F47E9E7001BA5DE /* config.h */ = {isa = PBXFileReference; fileEncoding = 4; lastKnownFileType = sourcecode.c.h; path = config.h; sourceTree = "<group>"; };
		B27CDF991F47E9E7001BA5DE /* DataSigner.h */ = {isa = PBXFileReference; fileEncoding = 4; lastKnownFileType = sourcecode.c.h; path = DataSigner.h; sourceTree = "<group>"; };
		B27CDF9A1F47E9E7001BA5DE /* DataSigner.m */ = {isa = PBXFileReference; fileEncoding = 4; lastKnownFileType = sourcecode.c.objc; path = DataSigner.m; sourceTree = "<group>"; };
		B27CDF9B1F47E9E7001BA5DE /* DataVerifier.h */ = {isa = PBXFileReference; fileEncoding = 4; lastKnownFileType = sourcecode.c.h; path = DataVerifier.h; sourceTree = "<group>"; };
		B27CDF9C1F47E9E7001BA5DE /* DataVerifier.m */ = {isa = PBXFileReference; fileEncoding = 4; lastKnownFileType = sourcecode.c.objc; path = DataVerifier.m; sourceTree = "<group>"; };
		B27CDF9D1F47E9E7001BA5DE /* MD5DataSigner.h */ = {isa = PBXFileReference; fileEncoding = 4; lastKnownFileType = sourcecode.c.h; path = MD5DataSigner.h; sourceTree = "<group>"; };
		B27CDF9E1F47E9E7001BA5DE /* MD5DataSigner.m */ = {isa = PBXFileReference; fileEncoding = 4; lastKnownFileType = sourcecode.c.objc; path = MD5DataSigner.m; sourceTree = "<group>"; };
		B27CDF9F1F47E9E7001BA5DE /* NSDataEx.h */ = {isa = PBXFileReference; fileEncoding = 4; lastKnownFileType = sourcecode.c.h; path = NSDataEx.h; sourceTree = "<group>"; };
		B27CDFA01F47E9E7001BA5DE /* NSDataEx.m */ = {isa = PBXFileReference; fileEncoding = 4; lastKnownFileType = sourcecode.c.objc; path = NSDataEx.m; sourceTree = "<group>"; };
		B27CDFA11F47E9E7001BA5DE /* openssl_wrapper.h */ = {isa = PBXFileReference; fileEncoding = 4; lastKnownFileType = sourcecode.c.h; path = openssl_wrapper.h; sourceTree = "<group>"; };
		B27CDFA21F47E9E7001BA5DE /* openssl_wrapper.m */ = {isa = PBXFileReference; fileEncoding = 4; lastKnownFileType = sourcecode.c.objc; path = openssl_wrapper.m; sourceTree = "<group>"; };
		B27CDFA31F47E9E7001BA5DE /* RSADataSigner.h */ = {isa = PBXFileReference; fileEncoding = 4; lastKnownFileType = sourcecode.c.h; path = RSADataSigner.h; sourceTree = "<group>"; };
		B27CDFA41F47E9E7001BA5DE /* RSADataSigner.m */ = {isa = PBXFileReference; fileEncoding = 4; lastKnownFileType = sourcecode.c.objc; path = RSADataSigner.m; sourceTree = "<group>"; };
		B27CDFA51F47E9E7001BA5DE /* RSADataVerifier.h */ = {isa = PBXFileReference; fileEncoding = 4; lastKnownFileType = sourcecode.c.h; path = RSADataVerifier.h; sourceTree = "<group>"; };
		B27CDFA61F47E9E7001BA5DE /* RSADataVerifier.m */ = {isa = PBXFileReference; fileEncoding = 4; lastKnownFileType = sourcecode.c.objc; path = RSADataVerifier.m; sourceTree = "<group>"; };
		B27CDFB01F47EA6E001BA5DE /* AlipaySDK.bundle */ = {isa = PBXFileReference; lastKnownFileType = "wrapper.plug-in"; name = AlipaySDK.bundle; path = ActivityList/AlipaySDK.bundle; sourceTree = "<group>"; };
		B27CDFB11F47EA6E001BA5DE /* AlipaySDK.framework */ = {isa = PBXFileReference; lastKnownFileType = wrapper.framework; name = AlipaySDK.framework; path = ActivityList/AlipaySDK.framework; sourceTree = "<group>"; };
		B27CDFB21F47EA6E001BA5DE /* libcrypto.a */ = {isa = PBXFileReference; lastKnownFileType = archive.ar; name = libcrypto.a; path = ActivityList/libcrypto.a; sourceTree = "<group>"; };
		B27CDFB31F47EA6E001BA5DE /* libssl.a */ = {isa = PBXFileReference; lastKnownFileType = archive.ar; name = libssl.a; path = ActivityList/libssl.a; sourceTree = "<group>"; };
		B27CDFB81F47EB21001BA5DE /* Cities.plist */ = {isa = PBXFileReference; fileEncoding = 4; lastKnownFileType = text.plist.xml; path = Cities.plist; sourceTree = "<group>"; };
		B27CDFBA1F47EBEF001BA5DE /* CoreTelephony.framework */ = {isa = PBXFileReference; lastKnownFileType = wrapper.framework; name = CoreTelephony.framework; path = System/Library/Frameworks/CoreTelephony.framework; sourceTree = SDKROOT; };
		B27CDFBC1F47EC08001BA5DE /* CoreMotion.framework */ = {isa = PBXFileReference; lastKnownFileType = wrapper.framework; name = CoreMotion.framework; path = System/Library/Frameworks/CoreMotion.framework; sourceTree = SDKROOT; };
		B27CDFBE1F47EC54001BA5DE /* libz.tbd */ = {isa = PBXFileReference; lastKnownFileType = "sourcecode.text-based-dylib-definition"; name = libz.tbd; path = usr/lib/libz.tbd; sourceTree = SDKROOT; };
		B27CDFC51F48056D001BA5DE /* DetailViewController.h */ = {isa = PBXFileReference; fileEncoding = 4; lastKnownFileType = sourcecode.c.h; path = DetailViewController.h; sourceTree = "<group>"; };
		B27CDFC61F48056D001BA5DE /* DetailViewController.m */ = {isa = PBXFileReference; fileEncoding = 4; lastKnownFileType = sourcecode.c.objc; path = DetailViewController.m; sourceTree = "<group>"; };
		B27CDFC71F48056D001BA5DE /* ListViewController.h */ = {isa = PBXFileReference; fileEncoding = 4; lastKnownFileType = sourcecode.c.h; path = ListViewController.h; sourceTree = "<group>"; };
		B27CDFC81F48056D001BA5DE /* ListViewController.m */ = {isa = PBXFileReference; fileEncoding = 4; lastKnownFileType = sourcecode.c.objc; path = ListViewController.m; sourceTree = "<group>"; };
		B27CDFCA1F48056D001BA5DE /* IssueViewController.h */ = {isa = PBXFileReference; fileEncoding = 4; lastKnownFileType = sourcecode.c.h; path = IssueViewController.h; sourceTree = "<group>"; };
		B27CDFCB1F48056D001BA5DE /* IssueViewController.m */ = {isa = PBXFileReference; fileEncoding = 4; lastKnownFileType = sourcecode.c.objc; path = IssueViewController.m; sourceTree = "<group>"; };
		B27CDFD11F48072C001BA5DE /* Member.storyboard */ = {isa = PBXFileReference; fileEncoding = 4; lastKnownFileType = file.storyboard; path = Member.storyboard; sourceTree = "<group>"; };
		B27CDFD31F48073F001BA5DE /* Issue.storyboard */ = {isa = PBXFileReference; fileEncoding = 4; lastKnownFileType = file.storyboard; path = Issue.storyboard; sourceTree = "<group>"; };
		B27CDFD51F482525001BA5DE /* CityTableViewController.h */ = {isa = PBXFileReference; fileEncoding = 4; lastKnownFileType = sourcecode.c.h; path = CityTableViewController.h; sourceTree = "<group>"; };
		B27CDFD61F482525001BA5DE /* CityTableViewController.m */ = {isa = PBXFileReference; fileEncoding = 4; lastKnownFileType = sourcecode.c.objc; path = CityTableViewController.m; sourceTree = "<group>"; };
		B27CDFD81F4825EA001BA5DE /* PurchaseTableViewController.h */ = {isa = PBXFileReference; fileEncoding = 4; lastKnownFileType = sourcecode.c.h; path = PurchaseTableViewController.h; sourceTree = "<group>"; };
		B27CDFD91F4825EA001BA5DE /* PurchaseTableViewController.m */ = {isa = PBXFileReference; fileEncoding = 4; lastKnownFileType = sourcecode.c.objc; path = PurchaseTableViewController.m; sourceTree = "<group>"; };
		B27CDFDB1F482666001BA5DE /* LeftViewController.h */ = {isa = PBXFileReference; fileEncoding = 4; lastKnownFileType = sourcecode.c.h; path = LeftViewController.h; sourceTree = "<group>"; };
		B27CDFDC1F482666001BA5DE /* LeftViewController.m */ = {isa = PBXFileReference; fileEncoding = 4; lastKnownFileType = sourcecode.c.objc; path = LeftViewController.m; sourceTree = "<group>"; };
		B27CDFDE1F4826C8001BA5DE /* MyTableViewController.h */ = {isa = PBXFileReference; fileEncoding = 4; lastKnownFileType = sourcecode.c.h; path = MyTableViewController.h; sourceTree = "<group>"; };
		B27CDFDF1F4826C8001BA5DE /* MyTableViewController.m */ = {isa = PBXFileReference; fileEncoding = 4; lastKnownFileType = sourcecode.c.objc; path = MyTableViewController.m; sourceTree = "<group>"; };
		B27CDFE11F482717001BA5DE /* SigninViewController.h */ = {isa = PBXFileReference; fileEncoding = 4; lastKnownFileType = sourcecode.c.h; path = SigninViewController.h; sourceTree = "<group>"; };
		B27CDFE21F482717001BA5DE /* SigninViewController.m */ = {isa = PBXFileReference; fileEncoding = 4; lastKnownFileType = sourcecode.c.objc; path = SigninViewController.m; sourceTree = "<group>"; };
		B27CDFE41F48274D001BA5DE /* SignupViewController.h */ = {isa = PBXFileReference; fileEncoding = 4; lastKnownFileType = sourcecode.c.h; path = SignupViewController.h; sourceTree = "<group>"; };
		B27CDFE51F48274D001BA5DE /* SignupViewController.m */ = {isa = PBXFileReference; fileEncoding = 4; lastKnownFileType = sourcecode.c.objc; path = SignupViewController.m; sourceTree = "<group>"; };
		B2A23EC01F4AC28E00217895 /* Base */ = {isa = PBXFileReference; lastKnownFileType = text.plist.strings; name = Base; path = Base.lproj/Localizable.strings; sourceTree = "<group>"; };
		B3CB709795A78FE24B2C0BE0 /* Pods-ActivityList.debug.xcconfig */ = {isa = PBXFileReference; includeInIndex = 1; lastKnownFileType = text.xcconfig; name = "Pods-ActivityList.debug.xcconfig"; path = "Pods/Target Support Files/Pods-ActivityList/Pods-ActivityList.debug.xcconfig"; sourceTree = "<group>"; };
		DB8364FA23748ADFBFF6034D /* Pods-ActivityList.release.xcconfig */ = {isa = PBXFileReference; includeInIndex = 1; lastKnownFileType = text.xcconfig; name = "Pods-ActivityList.release.xcconfig"; path = "Pods/Target Support Files/Pods-ActivityList/Pods-ActivityList.release.xcconfig"; sourceTree = "<group>"; };
		F1D5018FFD18BADB3145CF61 /* libPods-ActivityList.a */ = {isa = PBXFileReference; explicitFileType = archive.ar; includeInIndex = 0; path = "libPods-ActivityList.a"; sourceTree = BUILT_PRODUCTS_DIR; };
/* End PBXFileReference section */

/* Begin PBXFrameworksBuildPhase section */
		84BBFF8F1F25D1B50083D37D /* Frameworks */ = {
			isa = PBXFrameworksBuildPhase;
			buildActionMask = 2147483647;
			files = (
				B27CDFBF1F47EC54001BA5DE /* libz.tbd in Frameworks */,
				B27CDFBD1F47EC08001BA5DE /* CoreMotion.framework in Frameworks */,
				B27CDFBB1F47EBEF001BA5DE /* CoreTelephony.framework in Frameworks */,
				B27CDFB41F47EA6E001BA5DE /* AlipaySDK.bundle in Frameworks */,
				B27CDFB51F47EA6E001BA5DE /* AlipaySDK.framework in Frameworks */,
				B27CDFB61F47EA6E001BA5DE /* libcrypto.a in Frameworks */,
				B27CDFB71F47EA6E001BA5DE /* libssl.a in Frameworks */,
				840355ED1F2EFBC700D3248A /* Openssl.framework in Frameworks */,
				787B02B999E06EE70B3B5816 /* libPods-ActivityList.a in Frameworks */,
			);
			runOnlyForDeploymentPostprocessing = 0;
		};
		84BBFFAB1F25D1B50083D37D /* Frameworks */ = {
			isa = PBXFrameworksBuildPhase;
			buildActionMask = 2147483647;
			files = (
			);
			runOnlyForDeploymentPostprocessing = 0;
		};
		84BBFFB61F25D1B50083D37D /* Frameworks */ = {
			isa = PBXFrameworksBuildPhase;
			buildActionMask = 2147483647;
			files = (
			);
			runOnlyForDeploymentPostprocessing = 0;
		};
/* End PBXFrameworksBuildPhase section */

/* Begin PBXGroup section */
		6970B61C607A81C156856183 /* Frameworks */ = {
			isa = PBXGroup;
			children = (
				B27CDFBE1F47EC54001BA5DE /* libz.tbd */,
				B27CDFBC1F47EC08001BA5DE /* CoreMotion.framework */,
				B27CDFBA1F47EBEF001BA5DE /* CoreTelephony.framework */,
				B27CDFB01F47EA6E001BA5DE /* AlipaySDK.bundle */,
				B27CDFB11F47EA6E001BA5DE /* AlipaySDK.framework */,
				B27CDFB21F47EA6E001BA5DE /* libcrypto.a */,
				B27CDFB31F47EA6E001BA5DE /* libssl.a */,
				F1D5018FFD18BADB3145CF61 /* libPods-ActivityList.a */,
			);
			name = Frameworks;
			sourceTree = "<group>";
		};
		6FC3D15FC3BD39D87099091E /* Pods */ = {
			isa = PBXGroup;
			children = (
				B3CB709795A78FE24B2C0BE0 /* Pods-ActivityList.debug.xcconfig */,
				DB8364FA23748ADFBFF6034D /* Pods-ActivityList.release.xcconfig */,
			);
			name = Pods;
			sourceTree = "<group>";
		};
		84BBFF891F25D1B50083D37D = {
			isa = PBXGroup;
			children = (
				840355EC1F2EFBC700D3248A /* Openssl.framework */,
				84BBFF941F25D1B50083D37D /* ActivityList */,
				84BBFFB11F25D1B50083D37D /* ActivityListTests */,
				84BBFFBC1F25D1B50083D37D /* ActivityListUITests */,
				84BBFF931F25D1B50083D37D /* Products */,
				6FC3D15FC3BD39D87099091E /* Pods */,
				6970B61C607A81C156856183 /* Frameworks */,
			);
			sourceTree = "<group>";
		};
		84BBFF931F25D1B50083D37D /* Products */ = {
			isa = PBXGroup;
			children = (
				84BBFF921F25D1B50083D37D /* ActivityList.app */,
				84BBFFAE1F25D1B50083D37D /* ActivityListTests.xctest */,
				84BBFFB91F25D1B50083D37D /* ActivityListUITests.xctest */,
			);
			name = Products;
			sourceTree = "<group>";
		};
		84BBFF941F25D1B50083D37D /* ActivityList */ = {
			isa = PBXGroup;
			children = (
				84BBFFD91F25DE5E0083D37D /* 3rd */,
				84BBFFD81F25DE580083D37D /* Constant */,
				84BBFFD71F25DE510083D37D /* Utility */,
				84BBFFCC1F25D4B30083D37D /* Model */,
				84BBFFCD1F25D4CD0083D37D /* View */,
				84BBFFCB1F25D4A30083D37D /* Controller */,
				84BBFF951F25D1B50083D37D /* Supporting Files */,
			);
			path = ActivityList;
			sourceTree = "<group>";
		};
		84BBFF951F25D1B50083D37D /* Supporting Files */ = {
			isa = PBXGroup;
			children = (
				84BBFF981F25D1B50083D37D /* AppDelegate.h */,
				84BBFF991F25D1B50083D37D /* AppDelegate.m */,
				84BBFF961F25D1B50083D37D /* main.m */,
				84BBFFA91F25D1B50083D37D /* Info.plist */,
				B27CDFB81F47EB21001BA5DE /* Cities.plist */,
				84BBFFDA1F25DF730083D37D /* PrefixHeader.pch */,
				B2A23EC11F4AC28E00217895 /* Localizable.strings */,
			);
			name = "Supporting Files";
			sourceTree = "<group>";
		};
		84BBFFB11F25D1B50083D37D /* ActivityListTests */ = {
			isa = PBXGroup;
			children = (
				84BBFFB21F25D1B50083D37D /* ActivityListTests.m */,
				84BBFFB41F25D1B50083D37D /* Info.plist */,
			);
			path = ActivityListTests;
			sourceTree = "<group>";
		};
		84BBFFBC1F25D1B50083D37D /* ActivityListUITests */ = {
			isa = PBXGroup;
			children = (
				84BBFFBD1F25D1B50083D37D /* ActivityListUITests.m */,
				84BBFFBF1F25D1B50083D37D /* Info.plist */,
			);
			path = ActivityListUITests;
			sourceTree = "<group>";
		};
		84BBFFCB1F25D4A30083D37D /* Controller */ = {
			isa = PBXGroup;
			children = (
				B27CDFC41F48056D001BA5DE /* Activity */,
				B27CDFC91F48056D001BA5DE /* Issue */,
				B27CDFCC1F48056D001BA5DE /* Member */,
				B27CDFCD1F48056D001BA5DE /* Sign */,
			);
			path = Controller;
			sourceTree = "<group>";
		};
		84BBFFCC1F25D4B30083D37D /* Model */ = {
			isa = PBXGroup;
			children = (
				84BBFFCE1F25D8380083D37D /* ActivityList.xcdatamodeld */,
				B25810621F4D514C00F9E0DE /* UserModel.h */,
				B25810631F4D514C00F9E0DE /* UserModel.m */,
				B27CDF8E1F47E8F8001BA5DE /* Order.h */,
				B27CDF8F1F47E8F8001BA5DE /* Order.m */,
				84AA3CAC1F28615600677B93 /* ActivityModel.h */,
				84AA3CAD1F28615600677B93 /* ActivityModel.m */,
			);
			name = Model;
			path = ActivityList/Model;
			sourceTree = SOURCE_ROOT;
		};
		84BBFFCD1F25D4CD0083D37D /* View */ = {
			isa = PBXGroup;
			children = (
				84BBFF9E1F25D1B50083D37D /* Main.storyboard */,
				84F5131B1F272F53002D7436 /* Detail.storyboard */,
				B27CDFD11F48072C001BA5DE /* Member.storyboard */,
				B27CDFD31F48073F001BA5DE /* Issue.storyboard */,
				84BBFFA61F25D1B50083D37D /* LaunchScreen.storyboard */,
				84F5131D1F273E1B002D7436 /* ActivityTableViewCell.h */,
				84F5131E1F273E1B002D7436 /* ActivityTableViewCell.m */,
				84AA3CAA1F28386000677B93 /* Assets.xcassets */,
			);
			path = View;
			sourceTree = "<group>";
		};
		84BBFFD71F25DE510083D37D /* Utility */ = {
			isa = PBXGroup;
			children = (
				B27CDF911F47E9E7001BA5DE /* AliMgr */,
				B27CDF951F47E9E7001BA5DE /* AliUtil */,
				B27CDF881F47E88D001BA5DE /* JSONS.h */,
				B27CDF891F47E88D001BA5DE /* JSONS.m */,
				840355DD1F2EF7EB00D3248A /* RequestAPI.h */,
				840355DE1F2EF7EB00D3248A /* RequestAPI.m */,
				840355D11F2EF7EB00D3248A /* AppAPIClient.h */,
				840355D21F2EF7EB00D3248A /* AppAPIClient.m */,
				840355D31F2EF7EB00D3248A /* ErrorHandler.h */,
				840355D41F2EF7EB00D3248A /* ErrorHandler.m */,
				840355D71F2EF7EB00D3248A /* NSDate+Utility.h */,
				840355D81F2EF7EB00D3248A /* NSDate+Utility.m */,
				840355D91F2EF7EB00D3248A /* NSDateFormatter+Category.h */,
				840355DA1F2EF7EB00D3248A /* NSDateFormatter+Category.m */,
				840355DB1F2EF7EB00D3248A /* NSString+Crypt.h */,
				840355DC1F2EF7EB00D3248A /* NSString+Crypt.m */,
				840355D51F2EF7EB00D3248A /* NSData+Base64.h */,
				840355D61F2EF7EB00D3248A /* NSData+Base64.m */,
				840355DF1F2EF7EB00D3248A /* StorageMgr.h */,
				840355E01F2EF7EB00D3248A /* StorageMgr.m */,
				840355E11F2EF7EB00D3248A /* Utilities.h */,
				840355E21F2EF7EB00D3248A /* Utilities.m */,
			);
			path = Utility;
			sourceTree = "<group>";
		};
		84BBFFD81F25DE580083D37D /* Constant */ = {
			isa = PBXGroup;
			children = (
				840355D01F2EF7C500D3248A /* Constants.h */,
			);
			path = Constant;
			sourceTree = "<group>";
		};
		84BBFFD91F25DE5E0083D37D /* 3rd */ = {
			isa = PBXGroup;
			children = (
				B27CDF841F47E665001BA5DE /* SCZ-BasicEncodingRules */,
			);
			path = 3rd;
			sourceTree = "<group>";
		};
		B27CDF841F47E665001BA5DE /* SCZ-BasicEncodingRules */ = {
			isa = PBXGroup;
			children = (
				B27CDF851F47E665001BA5DE /* BasicEncodingRules.h */,
				B27CDF861F47E665001BA5DE /* BasicEncodingRules.m */,
			);
			path = "SCZ-BasicEncodingRules";
			sourceTree = "<group>";
		};
		B27CDF911F47E9E7001BA5DE /* AliMgr */ = {
			isa = PBXGroup;
			children = (
				B27CDF921F47E9E7001BA5DE /* GBAlipayConfig.h */,
				B27CDF931F47E9E7001BA5DE /* GBAlipayManager.h */,
				B27CDF941F47E9E7001BA5DE /* GBAlipayManager.m */,
			);
			path = AliMgr;
			sourceTree = "<group>";
		};
		B27CDF951F47E9E7001BA5DE /* AliUtil */ = {
			isa = PBXGroup;
			children = (
				B27CDF961F47E9E7001BA5DE /* base64.h */,
				B27CDF971F47E9E7001BA5DE /* base64.m */,
				B27CDF981F47E9E7001BA5DE /* config.h */,
				B27CDF991F47E9E7001BA5DE /* DataSigner.h */,
				B27CDF9A1F47E9E7001BA5DE /* DataSigner.m */,
				B27CDF9B1F47E9E7001BA5DE /* DataVerifier.h */,
				B27CDF9C1F47E9E7001BA5DE /* DataVerifier.m */,
				B27CDF9D1F47E9E7001BA5DE /* MD5DataSigner.h */,
				B27CDF9E1F47E9E7001BA5DE /* MD5DataSigner.m */,
				B27CDF9F1F47E9E7001BA5DE /* NSDataEx.h */,
				B27CDFA01F47E9E7001BA5DE /* NSDataEx.m */,
				B27CDFA11F47E9E7001BA5DE /* openssl_wrapper.h */,
				B27CDFA21F47E9E7001BA5DE /* openssl_wrapper.m */,
				B27CDFA31F47E9E7001BA5DE /* RSADataSigner.h */,
				B27CDFA41F47E9E7001BA5DE /* RSADataSigner.m */,
				B27CDFA51F47E9E7001BA5DE /* RSADataVerifier.h */,
				B27CDFA61F47E9E7001BA5DE /* RSADataVerifier.m */,
			);
			path = AliUtil;
			sourceTree = "<group>";
		};
		B27CDFC41F48056D001BA5DE /* Activity */ = {
			isa = PBXGroup;
			children = (
				B27CDFD81F4825EA001BA5DE /* PurchaseTableViewController.h */,
				B27CDFD91F4825EA001BA5DE /* PurchaseTableViewController.m */,
				B27CDFD51F482525001BA5DE /* CityTableViewController.h */,
				B27CDFD61F482525001BA5DE /* CityTableViewController.m */,
				B27CDFC51F48056D001BA5DE /* DetailViewController.h */,
				B27CDFC61F48056D001BA5DE /* DetailViewController.m */,
				B27CDFC71F48056D001BA5DE /* ListViewController.h */,
				B27CDFC81F48056D001BA5DE /* ListViewController.m */,
			);
			path = Activity;
			sourceTree = "<group>";
		};
		B27CDFC91F48056D001BA5DE /* Issue */ = {
			isa = PBXGroup;
			children = (
				B27CDFCA1F48056D001BA5DE /* IssueViewController.h */,
				B27CDFCB1F48056D001BA5DE /* IssueViewController.m */,
			);
			path = Issue;
			sourceTree = "<group>";
		};
		B27CDFCC1F48056D001BA5DE /* Member */ = {
			isa = PBXGroup;
			children = (
				B27CDFDB1F482666001BA5DE /* LeftViewController.h */,
				B27CDFDC1F482666001BA5DE /* LeftViewController.m */,
				B27CDFDE1F4826C8001BA5DE /* MyTableViewController.h */,
				B27CDFDF1F4826C8001BA5DE /* MyTableViewController.m */,
			);
			path = Member;
			sourceTree = "<group>";
		};
		B27CDFCD1F48056D001BA5DE /* Sign */ = {
			isa = PBXGroup;
			children = (
				B27CDFE11F482717001BA5DE /* SigninViewController.h */,
				B27CDFE21F482717001BA5DE /* SigninViewController.m */,
				B27CDFE41F48274D001BA5DE /* SignupViewController.h */,
				B27CDFE51F48274D001BA5DE /* SignupViewController.m */,
			);
			path = Sign;
			sourceTree = "<group>";
		};
/* End PBXGroup section */

/* Begin PBXNativeTarget section */
		84BBFF911F25D1B50083D37D /* ActivityList */ = {
			isa = PBXNativeTarget;
			buildConfigurationList = 84BBFFC21F25D1B50083D37D /* Build configuration list for PBXNativeTarget "ActivityList" */;
			buildPhases = (
				C347D5B67DFACAB0AD5FCAB2 /* [CP] Check Pods Manifest.lock */,
				84BBFF8E1F25D1B50083D37D /* Sources */,
				84BBFF8F1F25D1B50083D37D /* Frameworks */,
				84BBFF901F25D1B50083D37D /* Resources */,
				D2FCEF1B8BF3432727E4A2DB /* [CP] Embed Pods Frameworks */,
				BDC678DB63D9C70F5694AB1E /* [CP] Copy Pods Resources */,
			);
			buildRules = (
			);
			dependencies = (
			);
			name = ActivityList;
			productName = ActivityList;
			productReference = 84BBFF921F25D1B50083D37D /* ActivityList.app */;
			productType = "com.apple.product-type.application";
		};
		84BBFFAD1F25D1B50083D37D /* ActivityListTests */ = {
			isa = PBXNativeTarget;
			buildConfigurationList = 84BBFFC51F25D1B50083D37D /* Build configuration list for PBXNativeTarget "ActivityListTests" */;
			buildPhases = (
				84BBFFAA1F25D1B50083D37D /* Sources */,
				84BBFFAB1F25D1B50083D37D /* Frameworks */,
				84BBFFAC1F25D1B50083D37D /* Resources */,
			);
			buildRules = (
			);
			dependencies = (
				84BBFFB01F25D1B50083D37D /* PBXTargetDependency */,
			);
			name = ActivityListTests;
			productName = ActivityListTests;
			productReference = 84BBFFAE1F25D1B50083D37D /* ActivityListTests.xctest */;
			productType = "com.apple.product-type.bundle.unit-test";
		};
		84BBFFB81F25D1B50083D37D /* ActivityListUITests */ = {
			isa = PBXNativeTarget;
			buildConfigurationList = 84BBFFC81F25D1B50083D37D /* Build configuration list for PBXNativeTarget "ActivityListUITests" */;
			buildPhases = (
				84BBFFB51F25D1B50083D37D /* Sources */,
				84BBFFB61F25D1B50083D37D /* Frameworks */,
				84BBFFB71F25D1B50083D37D /* Resources */,
			);
			buildRules = (
			);
			dependencies = (
				84BBFFBB1F25D1B50083D37D /* PBXTargetDependency */,
			);
			name = ActivityListUITests;
			productName = ActivityListUITests;
			productReference = 84BBFFB91F25D1B50083D37D /* ActivityListUITests.xctest */;
			productType = "com.apple.product-type.bundle.ui-testing";
		};
/* End PBXNativeTarget section */

/* Begin PBXProject section */
		84BBFF8A1F25D1B50083D37D /* Project object */ = {
			isa = PBXProject;
			attributes = {
				LastUpgradeCheck = 0720;
				ORGANIZATIONNAME = self;
				TargetAttributes = {
					84BBFF911F25D1B50083D37D = {
						CreatedOnToolsVersion = 7.2;
					};
					84BBFFAD1F25D1B50083D37D = {
						CreatedOnToolsVersion = 7.2;
						TestTargetID = 84BBFF911F25D1B50083D37D;
					};
					84BBFFB81F25D1B50083D37D = {
						CreatedOnToolsVersion = 7.2;
						TestTargetID = 84BBFF911F25D1B50083D37D;
					};
				};
			};
			buildConfigurationList = 84BBFF8D1F25D1B50083D37D /* Build configuration list for PBXProject "ActivityList" */;
			compatibilityVersion = "Xcode 3.2";
			developmentRegion = English;
			hasScannedForEncodings = 0;
			knownRegions = (
				en,
				Base,
			);
			mainGroup = 84BBFF891F25D1B50083D37D;
			productRefGroup = 84BBFF931F25D1B50083D37D /* Products */;
			projectDirPath = "";
			projectRoot = "";
			targets = (
				84BBFF911F25D1B50083D37D /* ActivityList */,
				84BBFFAD1F25D1B50083D37D /* ActivityListTests */,
				84BBFFB81F25D1B50083D37D /* ActivityListUITests */,
			);
		};
/* End PBXProject section */

/* Begin PBXResourcesBuildPhase section */
		84BBFF901F25D1B50083D37D /* Resources */ = {
			isa = PBXResourcesBuildPhase;
			buildActionMask = 2147483647;
			files = (
				84BBFFA81F25D1B50083D37D /* LaunchScreen.storyboard in Resources */,
				84BBFFA01F25D1B50083D37D /* Main.storyboard in Resources */,
				B27CDFD21F48072C001BA5DE /* Member.storyboard in Resources */,
				B27CDFB91F47EB21001BA5DE /* Cities.plist in Resources */,
				84AA3CAB1F28386000677B93 /* Assets.xcassets in Resources */,
				B2A23EBF1F4AC28E00217895 /* Localizable.strings in Resources */,
				B27CDFD41F48073F001BA5DE /* Issue.storyboard in Resources */,
				84F5131C1F272F53002D7436 /* Detail.storyboard in Resources */,
			);
			runOnlyForDeploymentPostprocessing = 0;
		};
		84BBFFAC1F25D1B50083D37D /* Resources */ = {
			isa = PBXResourcesBuildPhase;
			buildActionMask = 2147483647;
			files = (
			);
			runOnlyForDeploymentPostprocessing = 0;
		};
		84BBFFB71F25D1B50083D37D /* Resources */ = {
			isa = PBXResourcesBuildPhase;
			buildActionMask = 2147483647;
			files = (
			);
			runOnlyForDeploymentPostprocessing = 0;
		};
/* End PBXResourcesBuildPhase section */

/* Begin PBXShellScriptBuildPhase section */
		BDC678DB63D9C70F5694AB1E /* [CP] Copy Pods Resources */ = {
			isa = PBXShellScriptBuildPhase;
			buildActionMask = 2147483647;
			files = (
			);
			inputPaths = (
			);
			name = "[CP] Copy Pods Resources";
			outputPaths = (
			);
			runOnlyForDeploymentPostprocessing = 0;
			shellPath = /bin/sh;
			shellScript = "\"${SRCROOT}/Pods/Target Support Files/Pods-ActivityList/Pods-ActivityList-resources.sh\"\n";
			showEnvVarsInLog = 0;
		};
		C347D5B67DFACAB0AD5FCAB2 /* [CP] Check Pods Manifest.lock */ = {
			isa = PBXShellScriptBuildPhase;
			buildActionMask = 2147483647;
			files = (
			);
			inputPaths = (
				"${PODS_PODFILE_DIR_PATH}/Podfile.lock",
				"${PODS_ROOT}/Manifest.lock",
			);
			name = "[CP] Check Pods Manifest.lock";
			outputPaths = (
				"$(DERIVED_FILE_DIR)/Pods-ActivityList-checkManifestLockResult.txt",
			);
			runOnlyForDeploymentPostprocessing = 0;
			shellPath = /bin/sh;
			shellScript = "diff \"${PODS_PODFILE_DIR_PATH}/Podfile.lock\" \"${PODS_ROOT}/Manifest.lock\" > /dev/null\nif [ $? != 0 ] ; then\n    # print error to STDERR\n    echo \"error: The sandbox is not in sync with the Podfile.lock. Run 'pod install' or update your CocoaPods installation.\" >&2\n    exit 1\nfi\n# This output is used by Xcode 'outputs' to avoid re-running this script phase.\necho \"SUCCESS\" > \"${SCRIPT_OUTPUT_FILE_0}\"\n";
			showEnvVarsInLog = 0;
		};
		D2FCEF1B8BF3432727E4A2DB /* [CP] Embed Pods Frameworks */ = {
			isa = PBXShellScriptBuildPhase;
			buildActionMask = 2147483647;
			files = (
			);
			inputPaths = (
			);
			name = "[CP] Embed Pods Frameworks";
			outputPaths = (
			);
			runOnlyForDeploymentPostprocessing = 0;
			shellPath = /bin/sh;
			shellScript = "\"${SRCROOT}/Pods/Target Support Files/Pods-ActivityList/Pods-ActivityList-frameworks.sh\"\n";
			showEnvVarsInLog = 0;
		};
/* End PBXShellScriptBuildPhase section */

/* Begin PBXSourcesBuildPhase section */
		84BBFF8E1F25D1B50083D37D /* Sources */ = {
			isa = PBXSourcesBuildPhase;
			buildActionMask = 2147483647;
			files = (
				84BBFFD01F25D8380083D37D /* ActivityList.xcdatamodeld in Sources */,
				84BBFF9A1F25D1B50083D37D /* AppDelegate.m in Sources */,
				B27CDFE31F482717001BA5DE /* SigninViewController.m in Sources */,
				B27CDFCF1F48056D001BA5DE /* ListViewController.m in Sources */,
				B27CDFCE1F48056D001BA5DE /* DetailViewController.m in Sources */,
				84AA3CAE1F28615600677B93 /* ActivityModel.m in Sources */,
				B27CDFAE1F47E9E7001BA5DE /* RSADataSigner.m in Sources */,
				B27CDFD71F482525001BA5DE /* CityTableViewController.m in Sources */,
				840355E41F2EF7EB00D3248A /* ErrorHandler.m in Sources */,
				B27CDFAD1F47E9E7001BA5DE /* openssl_wrapper.m in Sources */,
				B27CDFDA1F4825EA001BA5DE /* PurchaseTableViewController.m in Sources */,
				B27CDF8A1F47E88D001BA5DE /* JSONS.m in Sources */,
				840355EA1F2EF7EB00D3248A /* StorageMgr.m in Sources */,
				B27CDFE01F4826C8001BA5DE /* MyTableViewController.m in Sources */,
				840355E91F2EF7EB00D3248A /* RequestAPI.m in Sources */,
				840355E31F2EF7EB00D3248A /* AppAPIClient.m in Sources */,
				B27CDFAF1F47E9E7001BA5DE /* RSADataVerifier.m in Sources */,
				B27CDFA71F47E9E7001BA5DE /* GBAlipayManager.m in Sources */,
				B27CDFA91F47E9E7001BA5DE /* DataSigner.m in Sources */,
				B27CDFE61F48274D001BA5DE /* SignupViewController.m in Sources */,
				B27CDFAA1F47E9E7001BA5DE /* DataVerifier.m in Sources */,
				840355E61F2EF7EB00D3248A /* NSDate+Utility.m in Sources */,
				B27CDF871F47E665001BA5DE /* BasicEncodingRules.m in Sources */,
				B27CDFA81F47E9E7001BA5DE /* base64.m in Sources */,
				B27CDFAB1F47E9E7001BA5DE /* MD5DataSigner.m in Sources */,
				840355E81F2EF7EB00D3248A /* NSString+Crypt.m in Sources */,
				B25810641F4D514D00F9E0DE /* UserModel.m in Sources */,
				840355EB1F2EF7EB00D3248A /* Utilities.m in Sources */,
				84BBFF971F25D1B50083D37D /* main.m in Sources */,
				B27CDFDD1F482666001BA5DE /* LeftViewController.m in Sources */,
				B27CDFAC1F47E9E7001BA5DE /* NSDataEx.m in Sources */,
				840355E71F2EF7EB00D3248A /* NSDateFormatter+Category.m in Sources */,
				B27CDF901F47E8F8001BA5DE /* Order.m in Sources */,
				B27CDFD01F48056D001BA5DE /* IssueViewController.m in Sources */,
				840355E51F2EF7EB00D3248A /* NSData+Base64.m in Sources */,
				84F5131F1F273E1B002D7436 /* ActivityTableViewCell.m in Sources */,
			);
			runOnlyForDeploymentPostprocessing = 0;
		};
		84BBFFAA1F25D1B50083D37D /* Sources */ = {
			isa = PBXSourcesBuildPhase;
			buildActionMask = 2147483647;
			files = (
				84BBFFB31F25D1B50083D37D /* ActivityListTests.m in Sources */,
			);
			runOnlyForDeploymentPostprocessing = 0;
		};
		84BBFFB51F25D1B50083D37D /* Sources */ = {
			isa = PBXSourcesBuildPhase;
			buildActionMask = 2147483647;
			files = (
				84BBFFBE1F25D1B50083D37D /* ActivityListUITests.m in Sources */,
			);
			runOnlyForDeploymentPostprocessing = 0;
		};
/* End PBXSourcesBuildPhase section */

/* Begin PBXTargetDependency section */
		84BBFFB01F25D1B50083D37D /* PBXTargetDependency */ = {
			isa = PBXTargetDependency;
			target = 84BBFF911F25D1B50083D37D /* ActivityList */;
			targetProxy = 84BBFFAF1F25D1B50083D37D /* PBXContainerItemProxy */;
		};
		84BBFFBB1F25D1B50083D37D /* PBXTargetDependency */ = {
			isa = PBXTargetDependency;
			target = 84BBFF911F25D1B50083D37D /* ActivityList */;
			targetProxy = 84BBFFBA1F25D1B50083D37D /* PBXContainerItemProxy */;
		};
/* End PBXTargetDependency section */

/* Begin PBXVariantGroup section */
		84BBFF9E1F25D1B50083D37D /* Main.storyboard */ = {
			isa = PBXVariantGroup;
			children = (
				84BBFF9F1F25D1B50083D37D /* Base */,
			);
			name = Main.storyboard;
			path = ..;
			sourceTree = "<group>";
		};
		84BBFFA61F25D1B50083D37D /* LaunchScreen.storyboard */ = {
			isa = PBXVariantGroup;
			children = (
				84BBFFA71F25D1B50083D37D /* Base */,
			);
			name = LaunchScreen.storyboard;
			path = ..;
			sourceTree = "<group>";
		};
		B2A23EC11F4AC28E00217895 /* Localizable.strings */ = {
			isa = PBXVariantGroup;
			children = (
				B2A23EC01F4AC28E00217895 /* Base */,
			);
			name = Localizable.strings;
			sourceTree = "<group>";
		};
/* End PBXVariantGroup section */

/* Begin XCBuildConfiguration section */
		84BBFFC01F25D1B50083D37D /* Debug */ = {
			isa = XCBuildConfiguration;
			buildSettings = {
				ALWAYS_SEARCH_USER_PATHS = NO;
				CLANG_CXX_LANGUAGE_STANDARD = "gnu++0x";
				CLANG_CXX_LIBRARY = "libc++";
				CLANG_ENABLE_MODULES = YES;
				CLANG_ENABLE_OBJC_ARC = YES;
				CLANG_WARN_BOOL_CONVERSION = YES;
				CLANG_WARN_CONSTANT_CONVERSION = YES;
				CLANG_WARN_DIRECT_OBJC_ISA_USAGE = YES_ERROR;
				CLANG_WARN_EMPTY_BODY = YES;
				CLANG_WARN_ENUM_CONVERSION = YES;
				CLANG_WARN_INT_CONVERSION = YES;
				CLANG_WARN_OBJC_ROOT_CLASS = YES_ERROR;
				CLANG_WARN_UNREACHABLE_CODE = YES;
				CLANG_WARN__DUPLICATE_METHOD_MATCH = YES;
				"CODE_SIGN_IDENTITY[sdk=iphoneos*]" = "iPhone Developer";
				COPY_PHASE_STRIP = NO;
				DEBUG_INFORMATION_FORMAT = dwarf;
				ENABLE_STRICT_OBJC_MSGSEND = YES;
				ENABLE_TESTABILITY = YES;
				GCC_C_LANGUAGE_STANDARD = gnu99;
				GCC_DYNAMIC_NO_PIC = NO;
				GCC_NO_COMMON_BLOCKS = YES;
				GCC_OPTIMIZATION_LEVEL = 0;
				GCC_PREPROCESSOR_DEFINITIONS = (
					"DEBUG=1",
					"$(inherited)",
				);
				GCC_WARN_64_TO_32_BIT_CONVERSION = YES;
				GCC_WARN_ABOUT_RETURN_TYPE = YES_ERROR;
				GCC_WARN_UNDECLARED_SELECTOR = YES;
				GCC_WARN_UNINITIALIZED_AUTOS = YES_AGGRESSIVE;
				GCC_WARN_UNUSED_FUNCTION = YES;
				GCC_WARN_UNUSED_VARIABLE = YES;
				IPHONEOS_DEPLOYMENT_TARGET = 9.2;
				MTL_ENABLE_DEBUG_INFO = YES;
				ONLY_ACTIVE_ARCH = YES;
				SDKROOT = iphoneos;
			};
			name = Debug;
		};
		84BBFFC11F25D1B50083D37D /* Release */ = {
			isa = XCBuildConfiguration;
			buildSettings = {
				ALWAYS_SEARCH_USER_PATHS = NO;
				CLANG_CXX_LANGUAGE_STANDARD = "gnu++0x";
				CLANG_CXX_LIBRARY = "libc++";
				CLANG_ENABLE_MODULES = YES;
				CLANG_ENABLE_OBJC_ARC = YES;
				CLANG_WARN_BOOL_CONVERSION = YES;
				CLANG_WARN_CONSTANT_CONVERSION = YES;
				CLANG_WARN_DIRECT_OBJC_ISA_USAGE = YES_ERROR;
				CLANG_WARN_EMPTY_BODY = YES;
				CLANG_WARN_ENUM_CONVERSION = YES;
				CLANG_WARN_INT_CONVERSION = YES;
				CLANG_WARN_OBJC_ROOT_CLASS = YES_ERROR;
				CLANG_WARN_UNREACHABLE_CODE = YES;
				CLANG_WARN__DUPLICATE_METHOD_MATCH = YES;
				"CODE_SIGN_IDENTITY[sdk=iphoneos*]" = "iPhone Developer";
				COPY_PHASE_STRIP = NO;
				DEBUG_INFORMATION_FORMAT = "dwarf-with-dsym";
				ENABLE_NS_ASSERTIONS = NO;
				ENABLE_STRICT_OBJC_MSGSEND = YES;
				GCC_C_LANGUAGE_STANDARD = gnu99;
				GCC_NO_COMMON_BLOCKS = YES;
				GCC_WARN_64_TO_32_BIT_CONVERSION = YES;
				GCC_WARN_ABOUT_RETURN_TYPE = YES_ERROR;
				GCC_WARN_UNDECLARED_SELECTOR = YES;
				GCC_WARN_UNINITIALIZED_AUTOS = YES_AGGRESSIVE;
				GCC_WARN_UNUSED_FUNCTION = YES;
				GCC_WARN_UNUSED_VARIABLE = YES;
				IPHONEOS_DEPLOYMENT_TARGET = 9.2;
				MTL_ENABLE_DEBUG_INFO = NO;
				SDKROOT = iphoneos;
				VALIDATE_PRODUCT = YES;
			};
			name = Release;
		};
		84BBFFC31F25D1B50083D37D /* Debug */ = {
			isa = XCBuildConfiguration;
			baseConfigurationReference = B3CB709795A78FE24B2C0BE0 /* Pods-ActivityList.debug.xcconfig */;
			buildSettings = {
				ASSETCATALOG_COMPILER_APPICON_NAME = AppIcon;
				FRAMEWORK_SEARCH_PATHS = (
					"$(inherited)",
					"$(PROJECT_DIR)/ActivityList",
				);
				GCC_PRECOMPILE_PREFIX_HEADER = YES;
				GCC_PREFIX_HEADER = ActivityList/PrefixHeader.pch;
				INFOPLIST_FILE = ActivityList/Info.plist;
				IPHONEOS_DEPLOYMENT_TARGET = 9.0;
				LD_RUNPATH_SEARCH_PATHS = "$(inherited) @executable_path/Frameworks";
				LIBRARY_SEARCH_PATHS = (
					"$(inherited)",
					"$(PROJECT_DIR)/ActivityList",
				);
				PRODUCT_BUNDLE_IDENTIFIER = com.bxgzs.ActivityList;
				PRODUCT_NAME = "$(TARGET_NAME)";
			};
			name = Debug;
		};
		84BBFFC41F25D1B50083D37D /* Release */ = {
			isa = XCBuildConfiguration;
			baseConfigurationReference = DB8364FA23748ADFBFF6034D /* Pods-ActivityList.release.xcconfig */;
			buildSettings = {
				ASSETCATALOG_COMPILER_APPICON_NAME = AppIcon;
				FRAMEWORK_SEARCH_PATHS = (
					"$(inherited)",
					"$(PROJECT_DIR)/ActivityList",
				);
				GCC_PRECOMPILE_PREFIX_HEADER = YES;
				GCC_PREFIX_HEADER = ActivityList/PrefixHeader.pch;
				INFOPLIST_FILE = ActivityList/Info.plist;
				IPHONEOS_DEPLOYMENT_TARGET = 9.0;
				LD_RUNPATH_SEARCH_PATHS = "$(inherited) @executable_path/Frameworks";
				LIBRARY_SEARCH_PATHS = (
					"$(inherited)",
					"$(PROJECT_DIR)/ActivityList",
				);
				PRODUCT_BUNDLE_IDENTIFIER = com.bxgzs.ActivityList;
				PRODUCT_NAME = "$(TARGET_NAME)";
			};
			name = Release;
		};
		84BBFFC61F25D1B50083D37D /* Debug */ = {
			isa = XCBuildConfiguration;
			buildSettings = {
				BUNDLE_LOADER = "$(TEST_HOST)";
				INFOPLIST_FILE = ActivityListTests/Info.plist;
				LD_RUNPATH_SEARCH_PATHS = "$(inherited) @executable_path/Frameworks @loader_path/Frameworks";
				PRODUCT_BUNDLE_IDENTIFIER = self.edu.ActivityListTests;
				PRODUCT_NAME = "$(TARGET_NAME)";
				TEST_HOST = "$(BUILT_PRODUCTS_DIR)/ActivityList.app/ActivityList";
			};
			name = Debug;
		};
		84BBFFC71F25D1B50083D37D /* Release */ = {
			isa = XCBuildConfiguration;
			buildSettings = {
				BUNDLE_LOADER = "$(TEST_HOST)";
				INFOPLIST_FILE = ActivityListTests/Info.plist;
				LD_RUNPATH_SEARCH_PATHS = "$(inherited) @executable_path/Frameworks @loader_path/Frameworks";
				PRODUCT_BUNDLE_IDENTIFIER = self.edu.ActivityListTests;
				PRODUCT_NAME = "$(TARGET_NAME)";
				TEST_HOST = "$(BUILT_PRODUCTS_DIR)/ActivityList.app/ActivityList";
			};
			name = Release;
		};
		84BBFFC91F25D1B50083D37D /* Debug */ = {
			isa = XCBuildConfiguration;
			buildSettings = {
				INFOPLIST_FILE = ActivityListUITests/Info.plist;
				LD_RUNPATH_SEARCH_PATHS = "$(inherited) @executable_path/Frameworks @loader_path/Frameworks";
				PRODUCT_BUNDLE_IDENTIFIER = self.edu.ActivityListUITests;
				PRODUCT_NAME = "$(TARGET_NAME)";
				TEST_TARGET_NAME = ActivityList;
				USES_XCTRUNNER = YES;
			};
			name = Debug;
		};
		84BBFFCA1F25D1B50083D37D /* Release */ = {
			isa = XCBuildConfiguration;
			buildSettings = {
				INFOPLIST_FILE = ActivityListUITests/Info.plist;
				LD_RUNPATH_SEARCH_PATHS = "$(inherited) @executable_path/Frameworks @loader_path/Frameworks";
				PRODUCT_BUNDLE_IDENTIFIER = self.edu.ActivityListUITests;
				PRODUCT_NAME = "$(TARGET_NAME)";
				TEST_TARGET_NAME = ActivityList;
				USES_XCTRUNNER = YES;
			};
			name = Release;
		};
/* End XCBuildConfiguration section */

/* Begin XCConfigurationList section */
		84BBFF8D1F25D1B50083D37D /* Build configuration list for PBXProject "ActivityList" */ = {
			isa = XCConfigurationList;
			buildConfigurations = (
				84BBFFC01F25D1B50083D37D /* Debug */,
				84BBFFC11F25D1B50083D37D /* Release */,
			);
			defaultConfigurationIsVisible = 0;
			defaultConfigurationName = Release;
		};
		84BBFFC21F25D1B50083D37D /* Build configuration list for PBXNativeTarget "ActivityList" */ = {
			isa = XCConfigurationList;
			buildConfigurations = (
				84BBFFC31F25D1B50083D37D /* Debug */,
				84BBFFC41F25D1B50083D37D /* Release */,
			);
			defaultConfigurationIsVisible = 0;
			defaultConfigurationName = Release;
		};
		84BBFFC51F25D1B50083D37D /* Build configuration list for PBXNativeTarget "ActivityListTests" */ = {
			isa = XCConfigurationList;
			buildConfigurations = (
				84BBFFC61F25D1B50083D37D /* Debug */,
				84BBFFC71F25D1B50083D37D /* Release */,
			);
			defaultConfigurationIsVisible = 0;
			defaultConfigurationName = Release;
		};
		84BBFFC81F25D1B50083D37D /* Build configuration list for PBXNativeTarget "ActivityListUITests" */ = {
			isa = XCConfigurationList;
			buildConfigurations = (
				84BBFFC91F25D1B50083D37D /* Debug */,
				84BBFFCA1F25D1B50083D37D /* Release */,
			);
			defaultConfigurationIsVisible = 0;
			defaultConfigurationName = Release;
		};
/* End XCConfigurationList section */

/* Begin XCVersionGroup section */
		84BBFFCE1F25D8380083D37D /* ActivityList.xcdatamodeld */ = {
			isa = XCVersionGroup;
			children = (
				84BBFFCF1F25D8380083D37D /* ActivityList.xcdatamodel */,
			);
			currentVersion = 84BBFFCF1F25D8380083D37D /* ActivityList.xcdatamodel */;
			path = ActivityList.xcdatamodeld;
			sourceTree = "<group>";
			versionGroupType = wrapper.xcdatamodel;
		};
/* End XCVersionGroup section */
	};
	rootObject = 84BBFF8A1F25D1B50083D37D /* Project object */;
}
